
Microsoft Visual Studio Solution File, Format Version 12.00
# Visual Studio Version 16
VisualStudioVersion = 16.0.29418.71
MinimumVisualStudioVersion = 15.0.26124.0
Project("{9A19103F-16F7-4668-BE54-9A1E7A4F7556}") = "BadNews", "BadNews\BadNews.csproj", "{C37FC894-C365-476F-9A22-E43B5A8C2BB1}"
EndProject
Project("{2150E333-8FDC-42A3-9474-1A3956D46DE8}") = "Tasks", "Tasks", "{9461A7CE-AB01-48D3-9FFA-4110328C19B5}"
	ProjectSection(SolutionItems) = preProject
		Readme.md = Readme.md
	EndProjectSection
EndProject
Global
	GlobalSection(SolutionConfigurationPlatforms) = preSolution
		Debug|Any CPU = Debug|Any CPU
		Debug|x64 = Debug|x64
		Debug|x86 = Debug|x86
		Release|Any CPU = Release|Any CPU
		Release|x64 = Release|x64
		Release|x86 = Release|x86
	EndGlobalSection
	GlobalSection(ProjectConfigurationPlatforms) = postSolution
		{C37FC894-C365-476F-9A22-E43B5A8C2BB1}.Debug|Any CPU.ActiveCfg = Debug|Any CPU
		{C37FC894-C365-476F-9A22-E43B5A8C2BB1}.Debug|Any CPU.Build.0 = Debug|Any CPU
		{C37FC894-C365-476F-9A22-E43B5A8C2BB1}.Debug|x64.ActiveCfg = Debug|Any CPU
		{C37FC894-C365-476F-9A22-E43B5A8C2BB1}.Debug|x64.Build.0 = Debug|Any CPU
		{C37FC894-C365-476F-9A22-E43B5A8C2BB1}.Debug|x86.ActiveCfg = Debug|Any CPU
		{C37FC894-C365-476F-9A22-E43B5A8C2BB1}.Debug|x86.Build.0 = Debug|Any CPU
		{C37FC894-C365-476F-9A22-E43B5A8C2BB1}.Release|Any CPU.ActiveCfg = Release|Any CPU
		{C37FC894-C365-476F-9A22-E43B5A8C2BB1}.Release|Any CPU.Build.0 = Release|Any CPU
		{C37FC894-C365-476F-9A22-E43B5A8C2BB1}.Release|x64.ActiveCfg = Release|Any CPU
		{C37FC894-C365-476F-9A22-E43B5A8C2BB1}.Release|x64.Build.0 = Release|Any CPU
		{C37FC894-C365-476F-9A22-E43B5A8C2BB1}.Release|x86.ActiveCfg = Release|Any CPU
		{C37FC894-C365-476F-9A22-E43B5A8C2BB1}.Release|x86.Build.0 = Release|Any CPU
	EndGlobalSection
	GlobalSection(SolutionProperties) = preSolution
		HideSolutionNode = FALSE
	EndGlobalSection
	GlobalSection(ExtensibilityGlobals) = postSolution
		SolutionGuid = {EDB1E856-50C5-4104-ADB6-B7FA04189999}
	EndGlobalSection
EndGlobal
